// !$*UTF8*$!
{
	archiveVersion = 1;
	classes = {
	};
	objectVersion = 50;
	objects = {

/* Begin PBXBuildFile section */
		1258A3E5230F855500C0775F /* AppDelegate.swift in Sources */ = {isa = PBXBuildFile; fileRef = 1258A3E4230F855500C0775F /* AppDelegate.swift */; };
		1258A3EA230F855500C0775F /* Main.storyboard in Resources */ = {isa = PBXBuildFile; fileRef = 1258A3E8230F855500C0775F /* Main.storyboard */; };
		1258A3EC230F855600C0775F /* Assets.xcassets in Resources */ = {isa = PBXBuildFile; fileRef = 1258A3EB230F855600C0775F /* Assets.xcassets */; };
		1258A3EF230F855600C0775F /* LaunchScreen.storyboard in Resources */ = {isa = PBXBuildFile; fileRef = 1258A3ED230F855600C0775F /* LaunchScreen.storyboard */; };
		1258A3F7230F860200C0775F /* SearchViewController.swift in Sources */ = {isa = PBXBuildFile; fileRef = 1258A3F6230F860200C0775F /* SearchViewController.swift */; };
		1258A3F9230FBDB900C0775F /* Food.swift in Sources */ = {isa = PBXBuildFile; fileRef = 1258A3F8230FBDB900C0775F /* Food.swift */; };
/* End PBXBuildFile section */

/* Begin PBXFileReference section */
		1258A3E1230F855500C0775F /* IOS_Hackathon.app */ = {isa = PBXFileReference; explicitFileType = wrapper.application; includeInIndex = 0; path = IOS_Hackathon.app; sourceTree = BUILT_PRODUCTS_DIR; };
		1258A3E4230F855500C0775F /* AppDelegate.swift */ = {isa = PBXFileReference; lastKnownFileType = sourcecode.swift; path = AppDelegate.swift; sourceTree = "<group>"; };
		1258A3E9230F855500C0775F /* Base */ = {isa = PBXFileReference; lastKnownFileType = file.storyboard; name = Base; path = Base.lproj/Main.storyboard; sourceTree = "<group>"; };
		1258A3EB230F855600C0775F /* Assets.xcassets */ = {isa = PBXFileReference; lastKnownFileType = folder.assetcatalog; path = Assets.xcassets; sourceTree = "<group>"; };
		1258A3EE230F855600C0775F /* Base */ = {isa = PBXFileReference; lastKnownFileType = file.storyboard; name = Base; path = Base.lproj/LaunchScreen.storyboard; sourceTree = "<group>"; };
		1258A3F0230F855600C0775F /* Info.plist */ = {isa = PBXFileReference; lastKnownFileType = text.plist.xml; path = Info.plist; sourceTree = "<group>"; };
		1258A3F6230F860200C0775F /* SearchViewController.swift */ = {isa = PBXFileReference; lastKnownFileType = sourcecode.swift; path = SearchViewController.swift; sourceTree = "<group>"; };
		1258A3F8230FBDB900C0775F /* Food.swift */ = {isa = PBXFileReference; lastKnownFileType = sourcecode.swift; path = Food.swift; sourceTree = "<group>"; };
/* End PBXFileReference section */

/* Begin PBXFrameworksBuildPhase section */
		1258A3DE230F855500C0775F /* Frameworks */ = {
			isa = PBXFrameworksBuildPhase;
			buildActionMask = 2147483647;
			files = (
			);
			runOnlyForDeploymentPostprocessing = 0;
		};
/* End PBXFrameworksBuildPhase section */

/* Begin PBXGroup section */
		1258A3D8230F855500C0775F = {
			isa = PBXGroup;
			children = (
				1258A3E3230F855500C0775F /* IOS_Hackathon */,
				1258A3E2230F855500C0775F /* Products */,
			);
			sourceTree = "<group>";
		};
		1258A3E2230F855500C0775F /* Products */ = {
			isa = PBXGroup;
			children = (
				1258A3E1230F855500C0775F /* IOS_Hackathon.app */,
			);
			name = Products;
			sourceTree = "<group>";
		};
		1258A3E3230F855500C0775F /* IOS_Hackathon */ = {
			isa = PBXGroup;
			children = (
				1258A3E4230F855500C0775F /* AppDelegate.swift */,
				1258A3F6230F860200C0775F /* SearchViewController.swift */,
				1258A3F8230FBDB900C0775F /* Food.swift */,
				1258A3E8230F855500C0775F /* Main.storyboard */,
				1258A3EB230F855600C0775F /* Assets.xcassets */,
				1258A3ED230F855600C0775F /* LaunchScreen.storyboard */,
				1258A3F0230F855600C0775F /* Info.plist */,
			);
			path = IOS_Hackathon;
			sourceTree = "<group>";
		};
/* End PBXGroup section */

/* Begin PBXNativeTarget section */
		1258A3E0230F855500C0775F /* IOS_Hackathon */ = {
			isa = PBXNativeTarget;
			buildConfigurationList = 1258A3F3230F855600C0775F /* Build configuration list for PBXNativeTarget "IOS_Hackathon" */;
			buildPhases = (
				1258A3DD230F855500C0775F /* Sources */,
				1258A3DE230F855500C0775F /* Frameworks */,
				1258A3DF230F855500C0775F /* Resources */,
			);
			buildRules = (
			);
			dependencies = (
			);
			name = IOS_Hackathon;
			productName = IOS_Hackathon;
			productReference = 1258A3E1230F855500C0775F /* IOS_Hackathon.app */;
			productType = "com.apple.product-type.application";
		};
/* End PBXNativeTarget section */

/* Begin PBXProject section */
		1258A3D9230F855500C0775F /* Project object */ = {
			isa = PBXProject;
			attributes = {
				LastSwiftUpdateCheck = 1010;
				LastUpgradeCheck = 1010;
				ORGANIZATIONNAME = "임태완";
				TargetAttributes = {
					1258A3E0230F855500C0775F = {
						CreatedOnToolsVersion = 10.1;
					};
				};
			};
			buildConfigurationList = 1258A3DC230F855500C0775F /* Build configuration list for PBXProject "IOS_Hackathon" */;
			compatibilityVersion = "Xcode 9.3";
			developmentRegion = en;
			hasScannedForEncodings = 0;
			knownRegions = (
				en,
				Base,
			);
			mainGroup = 1258A3D8230F855500C0775F;
			productRefGroup = 1258A3E2230F855500C0775F /* Products */;
			projectDirPath = "";
			projectRoot = "";
			targets = (
				1258A3E0230F855500C0775F /* IOS_Hackathon */,
			);
		};
/* End PBXProject section */

/* Begin PBXResourcesBuildPhase section */
		1258A3DF230F855500C0775F /* Resources */ = {
			isa = PBXResourcesBuildPhase;
			buildActionMask = 2147483647;
			files = (
				1258A3EF230F855600C0775F /* LaunchScreen.storyboard in Resources */,
				1258A3EC230F855600C0775F /* Assets.xcassets in Resources */,
				1258A3EA230F855500C0775F /* Main.storyboard in Resources */,
			);
			runOnlyForDeploymentPostprocessing = 0;
		};
/* End PBXResourcesBuildPhase section */

/* Begin PBXSourcesBuildPhase section */
		1258A3DD230F855500C0775F /* Sources */ = {
			isa = PBXSourcesBuildPhase;
			buildActionMask = 2147483647;
			files = (
				1258A3F7230F860200C0775F /* SearchViewController.swift in Sources */,
				1258A3E5230F855500C0775F /* AppDelegate.swift in Sources */,
				1258A3F9230FBDB900C0775F /* Food.swift in Sources */,
			);
			runOnlyForDeploymentPostprocessing = 0;
		};
/* End PBXSourcesBuildPhase section */

/* Begin PBXVariantGroup section */
		1258A3E8230F855500C0775F /* Main.storyboard */ = {
			isa = PBXVariantGroup;
			children = (
				1258A3E9230F855500C0775F /* Base */,
			);
			name = Main.storyboard;
			sourceTree = "<group>";
		};
		1258A3ED230F855600C0775F /* LaunchScreen.storyboard */ = {
			isa = PBXVariantGroup;
			children = (
				1258A3EE230F855600C0775F /* Base */,
			);
			name = LaunchScreen.storyboard;
			sourceTree = "<group>";
		};
/* End PBXVariantGroup section */

/* Begin XCBuildConfiguration section */
		1258A3F1230F855600C0775F /* Debug */ = {
			isa = XCBuildConfiguration;
			buildSettings = {
				ALWAYS_SEARCH_USER_PATHS = NO;
				CLANG_ANALYZER_NONNULL = YES;
				CLANG_ANALYZER_NUMBER_OBJECT_CONVERSION = YES_AGGRESSIVE;
				CLANG_CXX_LANGUAGE_STANDARD = "gnu++14";
				CLANG_CXX_LIBRARY = "libc++";
				CLANG_ENABLE_MODULES = YES;
				CLANG_ENABLE_OBJC_ARC = YES;
				CLANG_ENABLE_OBJC_WEAK = YES;
				CLANG_WARN_BLOCK_CAPTURE_AUTORELEASING = YES;
				CLANG_WARN_BOOL_CONVERSION = YES;
				CLANG_WARN_COMMA = YES;
				CLANG_WARN_CONSTANT_CONVERSION = YES;
				CLANG_WARN_DEPRECATED_OBJC_IMPLEMENTATIONS = YES;
				CLANG_WARN_DIRECT_OBJC_ISA_USAGE = YES_ERROR;
				CLANG_WARN_DOCUMENTATION_COMMENTS = YES;
				CLANG_WARN_EMPTY_BODY = YES;
				CLANG_WARN_ENUM_CONVERSION = YES;
				CLANG_WARN_INFINITE_RECURSION = YES;
				CLANG_WARN_INT_CONVERSION = YES;
				CLANG_WARN_NON_LITERAL_NULL_CONVERSION = YES;
				CLANG_WARN_OBJC_IMPLICIT_RETAIN_SELF = YES;
				CLANG_WARN_OBJC_LITERAL_CONVERSION = YES;
				CLANG_WARN_OBJC_ROOT_CLASS = YES_ERROR;
				CLANG_WARN_RANGE_LOOP_ANALYSIS = YES;
				CLANG_WARN_STRICT_PROTOTYPES = YES;
				CLANG_WARN_SUSPICIOUS_MOVE = YES;
				CLANG_WARN_UNGUARDED_AVAILABILITY = YES_AGGRESSIVE;
				CLANG_WARN_UNREACHABLE_CODE = YES;
				CLANG_WARN__DUPLICATE_METHOD_MATCH = YES;
				CODE_SIGN_IDENTITY = "iPhone Developer";
				COPY_PHASE_STRIP = NO;
				DEBUG_INFORMATION_FORMAT = dwarf;
				ENABLE_STRICT_OBJC_MSGSEND = YES;
				ENABLE_TESTABILITY = YES;
				GCC_C_LANGUAGE_STANDARD = gnu11;
				GCC_DYNAMIC_NO_PIC = NO;
				GCC_NO_COMMON_BLOCKS = YES;
				GCC_OPTIMIZATION_LEVEL = 0;
				GCC_PREPROCESSOR_DEFINITIONS = (
					"DEBUG=1",
					"$(inherited)",
				);
				GCC_WARN_64_TO_32_BIT_CONVERSION = YES;
				GCC_WARN_ABOUT_RETURN_TYPE = YES_ERROR;
				GCC_WARN_UNDECLARED_SELECTOR = YES;
				GCC_WARN_UNINITIALIZED_AUTOS = YES_AGGRESSIVE;
				GCC_WARN_UNUSED_FUNCTION = YES;
				GCC_WARN_UNUSED_VARIABLE = YES;
				IPHONEOS_DEPLOYMENT_TARGET = 12.1;
				MTL_ENABLE_DEBUG_INFO = INCLUDE_SOURCE;
				MTL_FAST_MATH = YES;
				ONLY_ACTIVE_ARCH = YES;
				SDKROOT = iphoneos;
				SWIFT_ACTIVE_COMPILATION_CONDITIONS = DEBUG;
				SWIFT_OPTIMIZATION_LEVEL = "-Onone";
			};
			name = Debug;
		};
		1258A3F2230F855600C0775F /* Release */ = {
			isa = XCBuildConfiguration;
			buildSettings = {
				ALWAYS_SEARCH_USER_PATHS = NO;
				CLANG_ANALYZER_NONNULL = YES;
				CLANG_ANALYZER_NUMBER_OBJECT_CONVERSION = YES_AGGRESSIVE;
				CLANG_CXX_LANGUAGE_STANDARD = "gnu++14";
				CLANG_CXX_LIBRARY = "libc++";
				CLANG_ENABLE_MODULES = YES;
				CLANG_ENABLE_OBJC_ARC = YES;
				CLANG_ENABLE_OBJC_WEAK = YES;
				CLANG_WARN_BLOCK_CAPTURE_AUTORELEASING = YES;
				CLANG_WARN_BOOL_CONVERSION = YES;
				CLANG_WARN_COMMA = YES;
				CLANG_WARN_CONSTANT_CONVERSION = YES;
				CLANG_WARN_DEPRECATED_OBJC_IMPLEMENTATIONS = YES;
				CLANG_WARN_DIRECT_OBJC_ISA_USAGE = YES_ERROR;
				CLANG_WARN_DOCUMENTATION_COMMENTS = YES;
				CLANG_WARN_EMPTY_BODY = YES;
				CLANG_WARN_ENUM_CONVERSION = YES;
				CLANG_WARN_INFINITE_RECURSION = YES;
				CLANG_WARN_INT_CONVERSION = YES;
				CLANG_WARN_NON_LITERAL_NULL_CONVERSION = YES;
				CLANG_WARN_OBJC_IMPLICIT_RETAIN_SELF = YES;
				CLANG_WARN_OBJC_LITERAL_CONVERSION = YES;
				CLANG_WARN_OBJC_ROOT_CLASS = YES_ERROR;
				CLANG_WARN_RANGE_LOOP_ANALYSIS = YES;
				CLANG_WARN_STRICT_PROTOTYPES = YES;
				CLANG_WARN_SUSPICIOUS_MOVE = YES;
				CLANG_WARN_UNGUARDED_AVAILABILITY = YES_AGGRESSIVE;
				CLANG_WARN_UNREACHABLE_CODE = YES;
				CLANG_WARN__DUPLICATE_METHOD_MATCH = YES;
				CODE_SIGN_IDENTITY = "iPhone Developer";
				COPY_PHASE_STRIP = NO;
				DEBUG_INFORMATION_FORMAT = "dwarf-with-dsym";
				ENABLE_NS_ASSERTIONS = NO;
				ENABLE_STRICT_OBJC_MSGSEND = YES;
				GCC_C_LANGUAGE_STANDARD = gnu11;
				GCC_NO_COMMON_BLOCKS = YES;
				GCC_WARN_64_TO_32_BIT_CONVERSION = YES;
				GCC_WARN_ABOUT_RETURN_TYPE = YES_ERROR;
				GCC_WARN_UNDECLARED_SELECTOR = YES;
				GCC_WARN_UNINITIALIZED_AUTOS = YES_AGGRESSIVE;
				GCC_WARN_UNUSED_FUNCTION = YES;
				GCC_WARN_UNUSED_VARIABLE = YES;
				IPHONEOS_DEPLOYMENT_TARGET = 12.1;
				MTL_ENABLE_DEBUG_INFO = NO;
				MTL_FAST_MATH = YES;
				SDKROOT = iphoneos;
				SWIFT_COMPILATION_MODE = wholemodule;
				SWIFT_OPTIMIZATION_LEVEL = "-O";
				VALIDATE_PRODUCT = YES;
			};
			name = Release;
		};
		1258A3F4230F855600C0775F /* Debug */ = {
			isa = XCBuildConfiguration;
			buildSettings = {
				ASSETCATALOG_COMPILER_APPICON_NAME = AppIcon;
				CODE_SIGN_STYLE = Automatic;
				DEVELOPMENT_TEAM = B9P9N5TXKA;
				INFOPLIST_FILE = IOS_Hackathon/Info.plist;
				LD_RUNPATH_SEARCH_PATHS = (
					"$(inherited)",
					"@executable_path/Frameworks",
				);
				PRODUCT_BUNDLE_IDENTIFIER = "first.IOS-Hackathon";
				PRODUCT_NAME = "$(TARGET_NAME)";
				SWIFT_VERSION = 4.2;
				TARGETED_DEVICE_FAMILY = "1,2";
			};
			name = Debug;
		};
		1258A3F5230F855600C0775F /* Release */ = {
			isa = XCBuildConfiguration;
			buildSettings = {
				ASSETCATALOG_COMPILER_APPICON_NAME = AppIcon;
				CODE_SIGN_STYLE = Automatic;
				DEVELOPMENT_TEAM = B9P9N5TXKA;
				INFOPLIST_FILE = IOS_Hackathon/Info.plist;
				LD_RUNPATH_SEARCH_PATHS = (
					"$(inherited)",
					"@executable_path/Frameworks",
				);
				PRODUCT_BUNDLE_IDENTIFIER = "first.IOS-Hackathon";
				PRODUCT_NAME = "$(TARGET_NAME)";
				SWIFT_VERSION = 4.2;
				TARGETED_DEVICE_FAMILY = "1,2";
			};
			name = Release;
		};
/* End XCBuildConfiguration section */

/* Begin XCConfigurationList section */
		1258A3DC230F855500C0775F /* Build configuration list for PBXProject "IOS_Hackathon" */ = {
			isa = XCConfigurationList;
			buildConfigurations = (
				1258A3F1230F855600C0775F /* Debug */,
				1258A3F2230F855600C0775F /* Release */,
			);
			defaultConfigurationIsVisible = 0;
			defaultConfigurationName = Release;
		};
		1258A3F3230F855600C0775F /* Build configuration list for PBXNativeTarget "IOS_Hackathon" */ = {
			isa = XCConfigurationList;
			buildConfigurations = (
				1258A3F4230F855600C0775F /* Debug */,
				1258A3F5230F855600C0775F /* Release */,
			);
			defaultConfigurationIsVisible = 0;
			defaultConfigurationName = Release;
		};
/* End XCConfigurationList section */
	};
	rootObject = 1258A3D9230F855500C0775F /* Project object */;
}
